
Microsoft Visual Studio Solution File, Format Version 12.00
# Visual Studio Version 17
VisualStudioVersion = 17.5.002.0
MinimumVisualStudioVersion = 10.0.40219.1
Project("{9A19103F-16F7-4668-BE54-9A1E7A4F7556}") = "OrCodingTest.Rest", ".\OrCodingTest.Rest\OrCodingTest.Rest.csproj", "{A0CD0025-E2DB-4AE9-A718-008446F7E4D3}"
EndProject
Project("{FAE04EC0-301F-11D3-BF4B-00C04F79EFBC}") = "OrCodingTest.Rest.Tests", ".\OrCodingTest.Rest.Tests\OrCodingTest.Rest.Tests.csproj", "{8517D179-23D5-4416-BFB2-426FCFB1AEB5}"
EndProject
Global
	GlobalSection(SolutionConfigurationPlatforms) = preSolution
		Debug|Any CPU = Debug|Any CPU
		Release|Any CPU = Release|Any CPU
	EndGlobalSection
	GlobalSection(ProjectConfigurationPlatforms) = postSolution
		{A0CD0025-E2DB-4AE9-A718-008446F7E4D3}.Debug|Any CPU.ActiveCfg = Debug|Any CPU
		{A0CD0025-E2DB-4AE9-A718-008446F7E4D3}.Debug|Any CPU.Build.0 = Debug|Any CPU
		{A0CD0025-E2DB-4AE9-A718-008446F7E4D3}.Release|Any CPU.ActiveCfg = Release|Any CPU
		{A0CD0025-E2DB-4AE9-A718-008446F7E4D3}.Release|Any CPU.Build.0 = Release|Any CPU
		{8517D179-23D5-4416-BFB2-426FCFB1AEB5}.Debug|Any CPU.ActiveCfg = Debug|Any CPU
		{8517D179-23D5-4416-BFB2-426FCFB1AEB5}.Debug|Any CPU.Build.0 = Debug|Any CPU
		{8517D179-23D5-4416-BFB2-426FCFB1AEB5}.Release|Any CPU.ActiveCfg = Release|Any CPU
		{8517D179-23D5-4416-BFB2-426FCFB1AEB5}.Release|Any CPU.Build.0 = Release|Any CPU
	EndGlobalSection
	GlobalSection(SolutionProperties) = preSolution
		HideSolutionNode = FALSE
	EndGlobalSection
	GlobalSection(ExtensibilityGlobals) = postSolution
		SolutionGuid = {C1585385-53DD-4996-8639-488961E06C33}
	EndGlobalSection
EndGlobal
